
Microsoft Visual Studio Solution File, Format Version 12.00
# Visual Studio Version 16
VisualStudioVersion = 16.0.31019.35
MinimumVisualStudioVersion = 10.0.40219.1
Project("{8BC9CEB8-8B4A-11D0-8D11-00A0C91BC942}") = "WindowsProject1", "WindowsProject1.vcxproj", "{411B24C6-AFC4-4902-AEC6-3ECAB9E44078}"
EndProject
Global
	GlobalSection(SolutionConfigurationPlatforms) = preSolution
		Debug|x64 = Debug|x64
		Debug|x86 = Debug|x86
		Release|x64 = Release|x64
		Release|x86 = Release|x86
	EndGlobalSection
	GlobalSection(ProjectConfigurationPlatforms) = postSolution
		{411B24C6-AFC4-4902-AEC6-3ECAB9E44078}.Debug|x64.ActiveCfg = Debug|x64
		{411B24C6-AFC4-4902-AEC6-3ECAB9E44078}.Debug|x64.Build.0 = Debug|x64
		{411B24C6-AFC4-4902-AEC6-3ECAB9E44078}.Debug|x86.ActiveCfg = Debug|Win32
		{411B24C6-AFC4-4902-AEC6-3ECAB9E44078}.Debug|x86.Build.0 = Debug|Win32
		{411B24C6-AFC4-4902-AEC6-3ECAB9E44078}.Release|x64.ActiveCfg = Release|x64
		{411B24C6-AFC4-4902-AEC6-3ECAB9E44078}.Release|x64.Build.0 = Release|x64
		{411B24C6-AFC4-4902-AEC6-3ECAB9E44078}.Release|x86.ActiveCfg = Release|Win32
		{411B24C6-AFC4-4902-AEC6-3ECAB9E44078}.Release|x86.Build.0 = Release|Win32
	EndGlobalSection
	GlobalSection(SolutionProperties) = preSolution
		HideSolutionNode = FALSE
	EndGlobalSection
	GlobalSection(ExtensibilityGlobals) = postSolution
		SolutionGuid = {535EFAF6-C87A-49F1-9805-43C92DAD50FE}
	EndGlobalSection
EndGlobal
